
Microsoft Visual Studio Solution File, Format Version 12.00
# Visual Studio Version 17
VisualStudioVersion = 17.1.32421.90
MinimumVisualStudioVersion = 10.0.40219.1
Project("{9A19103F-16F7-4668-BE54-9A1E7A4F7556}") = "ConsoleApp", "ConsoleApp\ConsoleApp.csproj", "{4847438E-3DA7-4677-8076-2D6C782E74F3}"
EndProject
Project("{9A19103F-16F7-4668-BE54-9A1E7A4F7556}") = "BL", "BL\BL.csproj", "{456AD08B-82C6-480C-89F1-1EF813FE6570}"
EndProject
Project("{9A19103F-16F7-4668-BE54-9A1E7A4F7556}") = "DAL", "DAL\DAL.csproj", "{4100DA4B-E710-4B5B-8D05-6D2E7D8F6A50}"
EndProject
Project("{9A19103F-16F7-4668-BE54-9A1E7A4F7556}") = "TestBL", "Test\TestBL\TestBL.csproj", "{8E2569AB-7AF5-4891-865F-E532D07441AE}"
EndProject
Project("{9A19103F-16F7-4668-BE54-9A1E7A4F7556}") = "IntegrationTest", "Test\IntegrationTest\IntegrationTest.csproj", "{6A57754B-56FC-4298-9BD8-94ED0648EA80}"
EndProject
Project("{9A19103F-16F7-4668-BE54-9A1E7A4F7556}") = "WebAPI", "WebAPI\WebAPI.csproj", "{5D611533-C42E-4692-9002-0B0A51044583}"
EndProject
Project("{9A19103F-16F7-4668-BE54-9A1E7A4F7556}") = "BackgroundJob", "BackgroundJob\BackgroundJob.csproj", "{A1B25CC2-5396-4DD0-AFBC-5E9F4F17A949}"
EndProject
Project("{9A19103F-16F7-4668-BE54-9A1E7A4F7556}") = "PersistanceLayer", "PersistanceLayer\PersistanceLayer.csproj", "{9CA584A4-52FE-4F55-9DC0-BF3D1F316511}"
EndProject
Project("{FAE04EC0-301F-11D3-BF4B-00C04F79EFBC}") = "BackgroundJob1", "BackgroundJob1\BackgroundJob1.csproj", "{A3D50250-20D4-4004-BF74-B4A0FD54E629}"
EndProject
Global
	GlobalSection(SolutionConfigurationPlatforms) = preSolution
		Debug|Any CPU = Debug|Any CPU
		Release|Any CPU = Release|Any CPU
	EndGlobalSection
	GlobalSection(ProjectConfigurationPlatforms) = postSolution
		{4847438E-3DA7-4677-8076-2D6C782E74F3}.Debug|Any CPU.ActiveCfg = Debug|Any CPU
		{4847438E-3DA7-4677-8076-2D6C782E74F3}.Debug|Any CPU.Build.0 = Debug|Any CPU
		{4847438E-3DA7-4677-8076-2D6C782E74F3}.Release|Any CPU.ActiveCfg = Release|Any CPU
		{4847438E-3DA7-4677-8076-2D6C782E74F3}.Release|Any CPU.Build.0 = Release|Any CPU
		{456AD08B-82C6-480C-89F1-1EF813FE6570}.Debug|Any CPU.ActiveCfg = Debug|Any CPU
		{456AD08B-82C6-480C-89F1-1EF813FE6570}.Debug|Any CPU.Build.0 = Debug|Any CPU
		{456AD08B-82C6-480C-89F1-1EF813FE6570}.Release|Any CPU.ActiveCfg = Release|Any CPU
		{456AD08B-82C6-480C-89F1-1EF813FE6570}.Release|Any CPU.Build.0 = Release|Any CPU
		{4100DA4B-E710-4B5B-8D05-6D2E7D8F6A50}.Debug|Any CPU.ActiveCfg = Debug|Any CPU
		{4100DA4B-E710-4B5B-8D05-6D2E7D8F6A50}.Debug|Any CPU.Build.0 = Debug|Any CPU
		{4100DA4B-E710-4B5B-8D05-6D2E7D8F6A50}.Release|Any CPU.ActiveCfg = Release|Any CPU
		{4100DA4B-E710-4B5B-8D05-6D2E7D8F6A50}.Release|Any CPU.Build.0 = Release|Any CPU
		{8E2569AB-7AF5-4891-865F-E532D07441AE}.Debug|Any CPU.ActiveCfg = Debug|Any CPU
		{8E2569AB-7AF5-4891-865F-E532D07441AE}.Debug|Any CPU.Build.0 = Debug|Any CPU
		{8E2569AB-7AF5-4891-865F-E532D07441AE}.Release|Any CPU.ActiveCfg = Release|Any CPU
		{8E2569AB-7AF5-4891-865F-E532D07441AE}.Release|Any CPU.Build.0 = Release|Any CPU
		{6A57754B-56FC-4298-9BD8-94ED0648EA80}.Debug|Any CPU.ActiveCfg = Debug|Any CPU
		{6A57754B-56FC-4298-9BD8-94ED0648EA80}.Debug|Any CPU.Build.0 = Debug|Any CPU
		{6A57754B-56FC-4298-9BD8-94ED0648EA80}.Release|Any CPU.ActiveCfg = Release|Any CPU
		{6A57754B-56FC-4298-9BD8-94ED0648EA80}.Release|Any CPU.Build.0 = Release|Any CPU
		{5D611533-C42E-4692-9002-0B0A51044583}.Debug|Any CPU.ActiveCfg = Debug|Any CPU
		{5D611533-C42E-4692-9002-0B0A51044583}.Debug|Any CPU.Build.0 = Debug|Any CPU
		{5D611533-C42E-4692-9002-0B0A51044583}.Release|Any CPU.ActiveCfg = Release|Any CPU
		{5D611533-C42E-4692-9002-0B0A51044583}.Release|Any CPU.Build.0 = Release|Any CPU
		{A1B25CC2-5396-4DD0-AFBC-5E9F4F17A949}.Debug|Any CPU.ActiveCfg = Debug|Any CPU
		{A1B25CC2-5396-4DD0-AFBC-5E9F4F17A949}.Debug|Any CPU.Build.0 = Debug|Any CPU
		{A1B25CC2-5396-4DD0-AFBC-5E9F4F17A949}.Release|Any CPU.ActiveCfg = Release|Any CPU
		{A1B25CC2-5396-4DD0-AFBC-5E9F4F17A949}.Release|Any CPU.Build.0 = Release|Any CPU
		{9CA584A4-52FE-4F55-9DC0-BF3D1F316511}.Debug|Any CPU.ActiveCfg = Debug|Any CPU
		{9CA584A4-52FE-4F55-9DC0-BF3D1F316511}.Debug|Any CPU.Build.0 = Debug|Any CPU
		{9CA584A4-52FE-4F55-9DC0-BF3D1F316511}.Release|Any CPU.ActiveCfg = Release|Any CPU
		{9CA584A4-52FE-4F55-9DC0-BF3D1F316511}.Release|Any CPU.Build.0 = Release|Any CPU
		{A3D50250-20D4-4004-BF74-B4A0FD54E629}.Debug|Any CPU.ActiveCfg = Debug|Any CPU
		{A3D50250-20D4-4004-BF74-B4A0FD54E629}.Debug|Any CPU.Build.0 = Debug|Any CPU
		{A3D50250-20D4-4004-BF74-B4A0FD54E629}.Release|Any CPU.ActiveCfg = Release|Any CPU
		{A3D50250-20D4-4004-BF74-B4A0FD54E629}.Release|Any CPU.Build.0 = Release|Any CPU
	EndGlobalSection
	GlobalSection(SolutionProperties) = preSolution
		HideSolutionNode = FALSE
	EndGlobalSection
	GlobalSection(ExtensibilityGlobals) = postSolution
		SolutionGuid = {6B212EDB-7C72-4082-82C1-35AA1CA0B92D}
	EndGlobalSection
EndGlobal
